
Microsoft Visual Studio Solution File, Format Version 12.00
# Visual Studio Version 17
VisualStudioVersion = 17.14.36511.14
MinimumVisualStudioVersion = 10.0.40219.1
Project("{FAE04EC0-301F-11D3-BF4B-00C04F79EFBC}") = "Simulation", "Simulation.csproj", "{64BE3733-164A-46FE-B32B-4263FA344E5B}"
EndProject
Global
	GlobalSection(SolutionConfigurationPlatforms) = preSolution
		Debug|Any CPU = Debug|Any CPU
		Release|Any CPU = Release|Any CPU
	EndGlobalSection
	GlobalSection(ProjectConfigurationPlatforms) = postSolution
		{64BE3733-164A-46FE-B32B-4263FA344E5B}.Debug|Any CPU.ActiveCfg = Debug|Any CPU
		{64BE3733-164A-46FE-B32B-4263FA344E5B}.Debug|Any CPU.Build.0 = Debug|Any CPU
		{64BE3733-164A-46FE-B32B-4263FA344E5B}.Release|Any CPU.ActiveCfg = Release|Any CPU
		{64BE3733-164A-46FE-B32B-4263FA344E5B}.Release|Any CPU.Build.0 = Release|Any CPU
	EndGlobalSection
	GlobalSection(SolutionProperties) = preSolution
		HideSolutionNode = FALSE
	EndGlobalSection
	GlobalSection(ExtensibilityGlobals) = postSolution
		SolutionGuid = {79BC90D7-44D4-4693-8927-89663B60B348}
	EndGlobalSection
EndGlobal
